
Microsoft Visual Studio Solution File, Format Version 12.00
# Visual Studio Version 16
VisualStudioVersion = 16.0.31729.503
MinimumVisualStudioVersion = 10.0.40219.1
Project("{FAE04EC0-301F-11D3-BF4B-00C04F79EFBC}") = "REALtor", "REALtor.csproj", "{38133D44-0CD9-45D3-AAA7-542F66D9ED4A}"
EndProject
Global
	GlobalSection(SolutionConfigurationPlatforms) = preSolution
		Debug|Any CPU = Debug|Any CPU
		Release|Any CPU = Release|Any CPU
	EndGlobalSection
	GlobalSection(ProjectConfigurationPlatforms) = postSolution
		{38133D44-0CD9-45D3-AAA7-542F66D9ED4A}.Debug|Any CPU.ActiveCfg = Debug|Any CPU
		{38133D44-0CD9-45D3-AAA7-542F66D9ED4A}.Debug|Any CPU.Build.0 = Debug|Any CPU
		{38133D44-0CD9-45D3-AAA7-542F66D9ED4A}.Release|Any CPU.ActiveCfg = Release|Any CPU
		{38133D44-0CD9-45D3-AAA7-542F66D9ED4A}.Release|Any CPU.Build.0 = Release|Any CPU
	EndGlobalSection
	GlobalSection(SolutionProperties) = preSolution
		HideSolutionNode = FALSE
	EndGlobalSection
	GlobalSection(ExtensibilityGlobals) = postSolution
		SolutionGuid = {2AF220B7-CFDF-45CD-80F3-7D5103E26909}
	EndGlobalSection
EndGlobal
